
Microsoft Visual Studio Solution File, Format Version 12.00
# Visual Studio Version 17
VisualStudioVersion = 17.4.33122.133
MinimumVisualStudioVersion = 10.0.40219.1
Project("{FAE04EC0-301F-11D3-BF4B-00C04F79EFBC}") = "Selenium", "Selenium.csproj", "{B49C8B8F-37E7-489B-AB65-65CDB8E8D4EF}"
EndProject
Global
	GlobalSection(SolutionConfigurationPlatforms) = preSolution
		Debug|Any CPU = Debug|Any CPU
		Release|Any CPU = Release|Any CPU
	EndGlobalSection
	GlobalSection(ProjectConfigurationPlatforms) = postSolution
		{B49C8B8F-37E7-489B-AB65-65CDB8E8D4EF}.Debug|Any CPU.ActiveCfg = Debug|Any CPU
		{B49C8B8F-37E7-489B-AB65-65CDB8E8D4EF}.Debug|Any CPU.Build.0 = Debug|Any CPU
		{B49C8B8F-37E7-489B-AB65-65CDB8E8D4EF}.Release|Any CPU.ActiveCfg = Release|Any CPU
		{B49C8B8F-37E7-489B-AB65-65CDB8E8D4EF}.Release|Any CPU.Build.0 = Release|Any CPU
	EndGlobalSection
	GlobalSection(SolutionProperties) = preSolution
		HideSolutionNode = FALSE
	EndGlobalSection
	GlobalSection(ExtensibilityGlobals) = postSolution
		SolutionGuid = {6EBFAE81-87A1-4563-AFE7-90A89AA353BF}
	EndGlobalSection
EndGlobal
